
Microsoft Visual Studio Solution File, Format Version 12.00
# Visual Studio Version 17
VisualStudioVersion = 17.3.32929.385
MinimumVisualStudioVersion = 10.0.40219.1
Project("{FAE04EC0-301F-11D3-BF4B-00C04F79EFBC}") = "SchoolWebForm", "SchoolWebForm\SchoolWebForm.csproj", "{CC7E734B-0610-4662-BC97-4BD4D0A01DF9}"
	ProjectSection(ProjectDependencies) = postProject
		{00FE8B09-1ED3-4550-87E0-A4394B752031} = {00FE8B09-1ED3-4550-87E0-A4394B752031}
		{13204601-3641-4064-A33C-902FB19BB30D} = {13204601-3641-4064-A33C-902FB19BB30D}
	EndProjectSection
EndProject
Project("{FAE04EC0-301F-11D3-BF4B-00C04F79EFBC}") = "DAL_School", "DAL_School\DAL_School.csproj", "{13204601-3641-4064-A33C-902FB19BB30D}"
EndProject
Project("{FAE04EC0-301F-11D3-BF4B-00C04F79EFBC}") = "BAL_School", "BAL_School\BAL_School.csproj", "{00FE8B09-1ED3-4550-87E0-A4394B752031}"
	ProjectSection(ProjectDependencies) = postProject
		{13204601-3641-4064-A33C-902FB19BB30D} = {13204601-3641-4064-A33C-902FB19BB30D}
	EndProjectSection
EndProject
Global
	GlobalSection(SolutionConfigurationPlatforms) = preSolution
		Debug|Any CPU = Debug|Any CPU
		Release|Any CPU = Release|Any CPU
	EndGlobalSection
	GlobalSection(ProjectConfigurationPlatforms) = postSolution
		{CC7E734B-0610-4662-BC97-4BD4D0A01DF9}.Debug|Any CPU.ActiveCfg = Debug|Any CPU
		{CC7E734B-0610-4662-BC97-4BD4D0A01DF9}.Debug|Any CPU.Build.0 = Debug|Any CPU
		{CC7E734B-0610-4662-BC97-4BD4D0A01DF9}.Release|Any CPU.ActiveCfg = Release|Any CPU
		{CC7E734B-0610-4662-BC97-4BD4D0A01DF9}.Release|Any CPU.Build.0 = Release|Any CPU
		{13204601-3641-4064-A33C-902FB19BB30D}.Debug|Any CPU.ActiveCfg = Debug|Any CPU
		{13204601-3641-4064-A33C-902FB19BB30D}.Debug|Any CPU.Build.0 = Debug|Any CPU
		{13204601-3641-4064-A33C-902FB19BB30D}.Release|Any CPU.ActiveCfg = Release|Any CPU
		{13204601-3641-4064-A33C-902FB19BB30D}.Release|Any CPU.Build.0 = Release|Any CPU
		{00FE8B09-1ED3-4550-87E0-A4394B752031}.Debug|Any CPU.ActiveCfg = Debug|Any CPU
		{00FE8B09-1ED3-4550-87E0-A4394B752031}.Debug|Any CPU.Build.0 = Debug|Any CPU
		{00FE8B09-1ED3-4550-87E0-A4394B752031}.Release|Any CPU.ActiveCfg = Release|Any CPU
		{00FE8B09-1ED3-4550-87E0-A4394B752031}.Release|Any CPU.Build.0 = Release|Any CPU
	EndGlobalSection
	GlobalSection(SolutionProperties) = preSolution
		HideSolutionNode = FALSE
	EndGlobalSection
	GlobalSection(ExtensibilityGlobals) = postSolution
		SolutionGuid = {40B7B81F-320C-43F9-9B21-6E7BC28AE97C}
	EndGlobalSection
EndGlobal
